
Microsoft Visual Studio Solution File, Format Version 12.00
# Visual Studio Version 17
VisualStudioVersion = 17.0.31903.59
MinimumVisualStudioVersion = 10.0.40219.1
Project("{9A19103F-16F7-4668-BE54-9A1E7A4F7556}") = "MovieRentalStore.API", "MovieRentalStore.API\MovieRentalStore.API.csproj", "{D4911F21-8C28-43FA-8422-38B6AC40C249}"
EndProject
Project("{9A19103F-16F7-4668-BE54-9A1E7A4F7556}") = "MovieRentalStore.Domain", "MovieRentalStore.Domain\MovieRentalStore.Domain.csproj", "{09BAF601-A703-4B32-B1C8-8D904D554BB7}"
EndProject
Project("{FAE04EC0-301F-11D3-BF4B-00C04F79EFBC}") = "MovieRentalStore.Services", "MovieRentalStore.Services\MovieRentalStore.Services.csproj", "{DF631E6A-6795-4490-932E-01C23B9CF3B8}"
EndProject
Project("{FAE04EC0-301F-11D3-BF4B-00C04F79EFBC}") = "MovieRentalStore.CrossCutting", "MovieRentalStore.CrossCutting\MovieRentalStore.CrossCutting.csproj", "{4F9F7C75-7AE7-4252-9478-A6BD65D26A54}"
EndProject
Project("{FAE04EC0-301F-11D3-BF4B-00C04F79EFBC}") = "MovieRentalStore.API.DTO", "MovieRentalStore.DTO\MovieRentalStore.API.DTO.csproj", "{9E59B73A-7E1E-4A3D-8099-C677C3408260}"
EndProject
Global
	GlobalSection(SolutionConfigurationPlatforms) = preSolution
		Debug|Any CPU = Debug|Any CPU
		Release|Any CPU = Release|Any CPU
	EndGlobalSection
	GlobalSection(ProjectConfigurationPlatforms) = postSolution
		{D4911F21-8C28-43FA-8422-38B6AC40C249}.Debug|Any CPU.ActiveCfg = Debug|Any CPU
		{D4911F21-8C28-43FA-8422-38B6AC40C249}.Debug|Any CPU.Build.0 = Debug|Any CPU
		{D4911F21-8C28-43FA-8422-38B6AC40C249}.Release|Any CPU.ActiveCfg = Release|Any CPU
		{D4911F21-8C28-43FA-8422-38B6AC40C249}.Release|Any CPU.Build.0 = Release|Any CPU
		{09BAF601-A703-4B32-B1C8-8D904D554BB7}.Debug|Any CPU.ActiveCfg = Debug|Any CPU
		{09BAF601-A703-4B32-B1C8-8D904D554BB7}.Debug|Any CPU.Build.0 = Debug|Any CPU
		{09BAF601-A703-4B32-B1C8-8D904D554BB7}.Release|Any CPU.ActiveCfg = Release|Any CPU
		{09BAF601-A703-4B32-B1C8-8D904D554BB7}.Release|Any CPU.Build.0 = Release|Any CPU
		{DF631E6A-6795-4490-932E-01C23B9CF3B8}.Debug|Any CPU.ActiveCfg = Debug|Any CPU
		{DF631E6A-6795-4490-932E-01C23B9CF3B8}.Debug|Any CPU.Build.0 = Debug|Any CPU
		{DF631E6A-6795-4490-932E-01C23B9CF3B8}.Release|Any CPU.ActiveCfg = Release|Any CPU
		{DF631E6A-6795-4490-932E-01C23B9CF3B8}.Release|Any CPU.Build.0 = Release|Any CPU
		{4F9F7C75-7AE7-4252-9478-A6BD65D26A54}.Debug|Any CPU.ActiveCfg = Debug|Any CPU
		{4F9F7C75-7AE7-4252-9478-A6BD65D26A54}.Debug|Any CPU.Build.0 = Debug|Any CPU
		{4F9F7C75-7AE7-4252-9478-A6BD65D26A54}.Release|Any CPU.ActiveCfg = Release|Any CPU
		{4F9F7C75-7AE7-4252-9478-A6BD65D26A54}.Release|Any CPU.Build.0 = Release|Any CPU
		{9E59B73A-7E1E-4A3D-8099-C677C3408260}.Debug|Any CPU.ActiveCfg = Debug|Any CPU
		{9E59B73A-7E1E-4A3D-8099-C677C3408260}.Debug|Any CPU.Build.0 = Debug|Any CPU
		{9E59B73A-7E1E-4A3D-8099-C677C3408260}.Release|Any CPU.ActiveCfg = Release|Any CPU
		{9E59B73A-7E1E-4A3D-8099-C677C3408260}.Release|Any CPU.Build.0 = Release|Any CPU
	EndGlobalSection
	GlobalSection(SolutionProperties) = preSolution
		HideSolutionNode = FALSE
	EndGlobalSection
	GlobalSection(ExtensibilityGlobals) = postSolution
		SolutionGuid = {F752574C-B300-4EF9-B02D-B7A7A37C4120}
	EndGlobalSection
EndGlobal
